# THIS IS AN AUTOGENERATED FILE. DO NOT EDIT THIS FILE DIRECTLY.
# yarn lockfile v1


"@types/prop-types@*":
  version "15.7.3"
  resolved "https://registry.yarnpkg.com/@types/prop-types/-/prop-types-15.7.3.tgz#2ab0d5da2e5815f94b0b9d4b95d1e5f243ab2ca7"
  integrity sha512-KfRL3PuHmqQLOG+2tGpRO26Ctg+Cq1E01D2DMriKEATHgWLfeNDmq9e29Q9WIky0dQ3NPkd1mzYH8Lm936Z9qw==

"@types/react-calendar@^3.4.0":
  version "3.4.0"
  resolved "https://registry.yarnpkg.com/@types/react-calendar/-/react-calendar-3.4.0.tgz#d0eecc5c3b8a19aa395b3521da2ec73cd0aeb850"
  integrity sha512-KBo9URrdpzZ8SXGg6E0NhrRQob/iwFICgkvOZPwoZ/N1lSYW1+ZYc+uWe6tpEZwcnCrc8KZ7p0CKmL+8/NQ1+w==
  dependencies:
    "@types/react" "*"

"@types/react@*":
  version "17.0.9"
  resolved "https://registry.yarnpkg.com/@types/react/-/react-17.0.9.tgz#1147fb520024a62c9b3841f5cb4db89b73ddb87f"
  integrity sha512-2Cw7FvevpJxQrCb+k5t6GH1KIvmadj5uBbjPaLlJB/nZWUj56e1ZqcD6zsoMFB47MsJUTFl9RJ132A7hb3QFJA==
  dependencies:
    "@types/prop-types" "*"
    "@types/scheduler" "*"
    csstype "^3.0.2"

"@types/scheduler@*":
  version "0.16.1"
  resolved "https://registry.yarnpkg.com/@types/scheduler/-/scheduler-0.16.1.tgz#18845205e86ff0038517aab7a18a62a6b9f71275"
  integrity sha512-EaCxbanVeyxDRTQBkdLb3Bvl/HK7PBK6UJjsSixB0iHKoWxE5uu2Q/DgtpOhPIojN0Zl1whvOd7PoHs2P0s5eA==

"@wojtekmaj/date-utils@^1.0.2":
  version "1.0.3"
  resolved "https://registry.yarnpkg.com/@wojtekmaj/date-utils/-/date-utils-1.0.3.tgz#2dcfd92881425c5923e429c2aec86fb3609032a1"
  integrity sha512-1VPkkTBk07gMR1fjpBtse4G+oJqpmE+0gUFB0dg3VIL7qJmUVaBoD/vlzMm/jNeOPfvlmerl1lpnsZyBUFIRuw==

csstype@^3.0.2:
  version "3.0.8"
  resolved "https://registry.yarnpkg.com/csstype/-/csstype-3.0.8.tgz#d2266a792729fb227cd216fb572f43728e1ad340"
  integrity sha512-jXKhWqXPmlUeoQnF/EhTtTl4C9SnrxSH/jZUih3jmO6lBKr99rP3/+FmrMj4EFpOXzMtXHAZkd3x0E6h6Fgflw==

get-user-locale@^1.2.0:
  version "1.4.0"
  resolved "https://registry.yarnpkg.com/get-user-locale/-/get-user-locale-1.4.0.tgz#a2c4b5da46feec9f03c9b07d197b1620490a5370"
  integrity sha512-gQo03lP1OArHLKlnoglqrGGl7b04u2EP9Xutmp72cMdtrrSD7ZgIsCsUKZynYWLDkVJW33Cj3pliP7uP0UonHQ==
  dependencies:
    lodash.once "^4.1.1"

"js-tokens@^3.0.0 || ^4.0.0":
  version "4.0.0"
  resolved "https://registry.yarnpkg.com/js-tokens/-/js-tokens-4.0.0.tgz#19203fb59991df98e3a287050d4647cdeaf32499"
  integrity sha512-RdJUflcE3cUzKiMqQgsCu06FPu9UdIJO0beYbPhHN4k6apgJtifcoCtT9bcxOpYBtpD2kCM6Sbzg4CausW/PKQ==

lodash.once@^4.1.1:
  version "4.1.1"
  resolved "https://registry.yarnpkg.com/lodash.once/-/lodash.once-4.1.1.tgz#0dd3971213c7c56df880977d504c88fb471a97ac"
  integrity sha1-DdOXEhPHxW34gJd9UEyI+0cal6w=

loose-envify@^1.4.0:
  version "1.4.0"
  resolved "https://registry.yarnpkg.com/loose-envify/-/loose-envify-1.4.0.tgz#71ee51fa7be4caec1a63839f7e682d8132d30caf"
  integrity sha512-lyuxPGr/Wfhrlem2CL/UcnUc1zcqKAImBDzukY7Y5F/yQiNdko6+fRLevlw1HgMySw7f611UIY408EtxRSoK3Q==
  dependencies:
    js-tokens "^3.0.0 || ^4.0.0"

merge-class-names@^1.1.1:
  version "1.4.0"
  resolved "https://registry.yarnpkg.com/merge-class-names/-/merge-class-names-1.4.0.tgz#02edcdd5ff677fbb03b47ecd4586df89d697b81b"
  integrity sha512-xNdBM7s+6uD+vNZJEymqrFbMBCDGzoA8clZTcj2F1XIy1QQKF+wjFVv7iDZFfdCBnViTdt54A4Ye2lmBsXrBjQ==

object-assign@^4.1.1:
  version "4.1.1"
  resolved "https://registry.yarnpkg.com/object-assign/-/object-assign-4.1.1.tgz#2109adc7965887cfc05cbbd442cac8bfbb360863"
  integrity sha1-IQmtx5ZYh8/AXLvUQsrIv7s2CGM=

prop-types@^15.6.0:
  version "15.7.2"
  resolved "https://registry.yarnpkg.com/prop-types/-/prop-types-15.7.2.tgz#52c41e75b8c87e72b9d9360e0206b99dcbffa6c5"
  integrity sha512-8QQikdH7//R2vurIJSutZ1smHYTcLpRWEOlHnzcWHmBYrOGUysKwSsrC89BCiFj3CbrfJ/nXFdJepOVrY1GCHQ==
  dependencies:
    loose-envify "^1.4.0"
    object-assign "^4.1.1"
    react-is "^16.8.1"

react-calendar@^3.4.0:
  version "3.4.0"
  resolved "https://registry.yarnpkg.com/react-calendar/-/react-calendar-3.4.0.tgz#25396ca0992b3b2042abca334515f6ff4d9878bc"
  integrity sha512-ykbvXASArQQ8KZlCEXEdE+w+KFGSj7kDpdTRzbLVJeN26oUIu+EFavFDAqg4G//zTO0tSq5SMfqAa6fjrdGQjQ==
  dependencies:
    "@wojtekmaj/date-utils" "^1.0.2"
    get-user-locale "^1.2.0"
    merge-class-names "^1.1.1"
    prop-types "^15.6.0"

react-is@^16.8.1:
  version "16.13.1"
  resolved "https://registry.yarnpkg.com/react-is/-/react-is-16.13.1.tgz#789729a4dc36de2999dc156dd6c1d9c18cea56a4"
  integrity sha512-24e6ynE2H+OKt4kqsOvNd8kBpV65zoxbA4BVsEOB3ARVWQki/DHzaUoC5KuON/BiccDaCCTZBuOcfZs70kR8bQ==
